
Microsoft Visual Studio Solution File, Format Version 12.00
# Visual Studio Version 16
VisualStudioVersion = 16.0.31515.178
MinimumVisualStudioVersion = 10.0.40219.1
Project("{FAE04EC0-301F-11D3-BF4B-00C04F79EFBC}") = "LoginDemoforAWS", "LoginDemoforAWS\LoginDemoforAWS.csproj", "{9EFF9FFE-7DEE-40E5-A093-0B344F830DB0}"
EndProject
Global
	GlobalSection(SolutionConfigurationPlatforms) = preSolution
		Debug|Any CPU = Debug|Any CPU
		Release|Any CPU = Release|Any CPU
	EndGlobalSection
	GlobalSection(ProjectConfigurationPlatforms) = postSolution
		{9EFF9FFE-7DEE-40E5-A093-0B344F830DB0}.Debug|Any CPU.ActiveCfg = Debug|Any CPU
		{9EFF9FFE-7DEE-40E5-A093-0B344F830DB0}.Debug|Any CPU.Build.0 = Debug|Any CPU
		{9EFF9FFE-7DEE-40E5-A093-0B344F830DB0}.Release|Any CPU.ActiveCfg = Release|Any CPU
		{9EFF9FFE-7DEE-40E5-A093-0B344F830DB0}.Release|Any CPU.Build.0 = Release|Any CPU
	EndGlobalSection
	GlobalSection(SolutionProperties) = preSolution
		HideSolutionNode = FALSE
	EndGlobalSection
	GlobalSection(ExtensibilityGlobals) = postSolution
		SolutionGuid = {E355CF98-AC70-449C-A1D6-D2B4C1EE67E2}
	EndGlobalSection
EndGlobal
